// !$*UTF8*$!
{
	archiveVersion = 1;
	classes = {
	};
	objectVersion = 55;
	objects = {

/* Begin PBXBuildFile section */
		95997A0A288BCF6800F1B462 /* DatabaseService.swift in Sources */ = {isa = PBXBuildFile; fileRef = 95997A09288BCF6800F1B462 /* DatabaseService.swift */; };
		95D0B08B28848E0D0028E44D /* AppDelegate.swift in Sources */ = {isa = PBXBuildFile; fileRef = 95D0B08A28848E0D0028E44D /* AppDelegate.swift */; };
		95D0B08D28848E0D0028E44D /* SceneDelegate.swift in Sources */ = {isa = PBXBuildFile; fileRef = 95D0B08C28848E0D0028E44D /* SceneDelegate.swift */; };
		95D0B08F28848E0D0028E44D /* DogDetailsViewController.swift in Sources */ = {isa = PBXBuildFile; fileRef = 95D0B08E28848E0D0028E44D /* DogDetailsViewController.swift */; };
		95D0B09228848E0D0028E44D /* Main.storyboard in Resources */ = {isa = PBXBuildFile; fileRef = 95D0B09028848E0D0028E44D /* Main.storyboard */; };
		95D0B09528848E0D0028E44D /* Dogs.xcdatamodeld in Sources */ = {isa = PBXBuildFile; fileRef = 95D0B09328848E0D0028E44D /* Dogs.xcdatamodeld */; };
		95D0B09728848E120028E44D /* Assets.xcassets in Resources */ = {isa = PBXBuildFile; fileRef = 95D0B09628848E120028E44D /* Assets.xcassets */; };
		95D0B09A28848E120028E44D /* LaunchScreen.storyboard in Resources */ = {isa = PBXBuildFile; fileRef = 95D0B09828848E120028E44D /* LaunchScreen.storyboard */; };
		B30E408628854AB900FD284A /* ProfileViewController.swift in Sources */ = {isa = PBXBuildFile; fileRef = B30E408528854AB900FD284A /* ProfileViewController.swift */; };
		B39F3C1B2886D3C000A4D768 /* ImageDogCollectionViewCell.swift in Sources */ = {isa = PBXBuildFile; fileRef = B39F3C1A2886D3C000A4D768 /* ImageDogCollectionViewCell.swift */; };
		B39F3C1D2887084400A4D768 /* DescriptionDogCollectionViewCell.swift in Sources */ = {isa = PBXBuildFile; fileRef = B39F3C1C2887084400A4D768 /* DescriptionDogCollectionViewCell.swift */; };
		B39F3C272887193F00A4D768 /* Dog.swift in Sources */ = {isa = PBXBuildFile; fileRef = B39F3C262887193F00A4D768 /* Dog.swift */; };
		B3A266EB2889588C00821FAD /* Settings.swift in Sources */ = {isa = PBXBuildFile; fileRef = B3A266EA2889588C00821FAD /* Settings.swift */; };
		B3A266EE288958AA00821FAD /* NetworkConfiguration.swift in Sources */ = {isa = PBXBuildFile; fileRef = B3A266ED288958AA00821FAD /* NetworkConfiguration.swift */; };
		B3A266F0288958C300821FAD /* ConfigurationType.swift in Sources */ = {isa = PBXBuildFile; fileRef = B3A266EF288958C300821FAD /* ConfigurationType.swift */; };
		B3A266F2288958DD00821FAD /* MockNetworkConfiguration.swift in Sources */ = {isa = PBXBuildFile; fileRef = B3A266F1288958DD00821FAD /* MockNetworkConfiguration.swift */; };
		B3B10872288884F800618867 /* DogsListViewController.swift in Sources */ = {isa = PBXBuildFile; fileRef = B3B10871288884F800618867 /* DogsListViewController.swift */; };
		B3D3A44B288E675600A08FB3 /* RealmDataManager.swift in Sources */ = {isa = PBXBuildFile; fileRef = B3D3A44A288E675600A08FB3 /* RealmDataManager.swift */; };
		B3D3A44D288ECD3000A08FB3 /* DogObject.swift in Sources */ = {isa = PBXBuildFile; fileRef = B3D3A44C288ECD3000A08FB3 /* DogObject.swift */; };
		B3D3A44F288ED55800A08FB3 /* JSONDataManager.swift in Sources */ = {isa = PBXBuildFile; fileRef = B3D3A44E288ED55800A08FB3 /* JSONDataManager.swift */; };
		B3D3A451288ED8C000A08FB3 /* Optional.swift in Sources */ = {isa = PBXBuildFile; fileRef = B3D3A450288ED8C000A08FB3 /* Optional.swift */; };
		B3FD84512887B9FF00173F55 /* DogDetailsViewModel.swift in Sources */ = {isa = PBXBuildFile; fileRef = B3FD84502887B9FF00173F55 /* DogDetailsViewModel.swift */; };
		BE2F69E128897F0200580B5F /* DogsListTableViewCell.swift in Sources */ = {isa = PBXBuildFile; fileRef = BE2F69DF28897F0200580B5F /* DogsListTableViewCell.swift */; };
		BED94A4628897439008EB7A4 /* DogListViewModel.swift in Sources */ = {isa = PBXBuildFile; fileRef = BED94A4528897439008EB7A4 /* DogListViewModel.swift */; };
		BEE850E3288BDACE0057FD61 /* CoreDataManager.swift in Sources */ = {isa = PBXBuildFile; fileRef = BEE850E2288BDACE0057FD61 /* CoreDataManager.swift */; };
		BEE850EA288C1AC10057FD61 /* DogEntry+CoreDataClass.swift in Sources */ = {isa = PBXBuildFile; fileRef = BEE850E8288C1AC10057FD61 /* DogEntry+CoreDataClass.swift */; };
		BEE850EB288C1AC10057FD61 /* DogEntry+CoreDataProperties.swift in Sources */ = {isa = PBXBuildFile; fileRef = BEE850E9288C1AC10057FD61 /* DogEntry+CoreDataProperties.swift */; };
		BEE850EE288C282C0057FD61 /* JSONLoader.swift in Sources */ = {isa = PBXBuildFile; fileRef = BEE850ED288C282C0057FD61 /* JSONLoader.swift */; };
		BEE850F0288C5A980057FD61 /* dogs.json in Resources */ = {isa = PBXBuildFile; fileRef = BEE850EF288C5A980057FD61 /* dogs.json */; };
		BEE850F2288D3BB80057FD61 /* AddDogViewController.swift in Sources */ = {isa = PBXBuildFile; fileRef = BEE850F1288D3BB80057FD61 /* AddDogViewController.swift */; };
/* End PBXBuildFile section */

/* Begin PBXFileReference section */
		95997A09288BCF6800F1B462 /* DatabaseService.swift */ = {isa = PBXFileReference; lastKnownFileType = sourcecode.swift; path = DatabaseService.swift; sourceTree = "<group>"; };
		95D0B08728848E0D0028E44D /* Dogs.app */ = {isa = PBXFileReference; explicitFileType = wrapper.application; includeInIndex = 0; path = Dogs.app; sourceTree = BUILT_PRODUCTS_DIR; };
		95D0B08A28848E0D0028E44D /* AppDelegate.swift */ = {isa = PBXFileReference; lastKnownFileType = sourcecode.swift; path = AppDelegate.swift; sourceTree = "<group>"; };
		95D0B08C28848E0D0028E44D /* SceneDelegate.swift */ = {isa = PBXFileReference; lastKnownFileType = sourcecode.swift; path = SceneDelegate.swift; sourceTree = "<group>"; };
		95D0B08E28848E0D0028E44D /* DogDetailsViewController.swift */ = {isa = PBXFileReference; lastKnownFileType = sourcecode.swift; path = DogDetailsViewController.swift; sourceTree = "<group>"; };
		95D0B09128848E0D0028E44D /* Base */ = {isa = PBXFileReference; lastKnownFileType = file.storyboard; name = Base; path = Base.lproj/Main.storyboard; sourceTree = "<group>"; };
		95D0B09428848E0D0028E44D /* Dogs.xcdatamodel */ = {isa = PBXFileReference; lastKnownFileType = wrapper.xcdatamodel; path = Dogs.xcdatamodel; sourceTree = "<group>"; };
		95D0B09628848E120028E44D /* Assets.xcassets */ = {isa = PBXFileReference; lastKnownFileType = folder.assetcatalog; path = Assets.xcassets; sourceTree = "<group>"; };
		95D0B09928848E120028E44D /* Base */ = {isa = PBXFileReference; lastKnownFileType = file.storyboard; name = Base; path = Base.lproj/LaunchScreen.storyboard; sourceTree = "<group>"; };
		95D0B09B28848E120028E44D /* Info.plist */ = {isa = PBXFileReference; lastKnownFileType = text.plist.xml; path = Info.plist; sourceTree = "<group>"; };
		B30E408528854AB900FD284A /* ProfileViewController.swift */ = {isa = PBXFileReference; lastKnownFileType = sourcecode.swift; path = ProfileViewController.swift; sourceTree = "<group>"; };
		B39F3C1A2886D3C000A4D768 /* ImageDogCollectionViewCell.swift */ = {isa = PBXFileReference; lastKnownFileType = sourcecode.swift; path = ImageDogCollectionViewCell.swift; sourceTree = "<group>"; };
		B39F3C1C2887084400A4D768 /* DescriptionDogCollectionViewCell.swift */ = {isa = PBXFileReference; lastKnownFileType = sourcecode.swift; path = DescriptionDogCollectionViewCell.swift; sourceTree = "<group>"; };
		B39F3C262887193F00A4D768 /* Dog.swift */ = {isa = PBXFileReference; lastKnownFileType = sourcecode.swift; path = Dog.swift; sourceTree = "<group>"; };
		B3A266EA2889588C00821FAD /* Settings.swift */ = {isa = PBXFileReference; lastKnownFileType = sourcecode.swift; path = Settings.swift; sourceTree = "<group>"; };
		B3A266ED288958AA00821FAD /* NetworkConfiguration.swift */ = {isa = PBXFileReference; lastKnownFileType = sourcecode.swift; path = NetworkConfiguration.swift; sourceTree = "<group>"; };
		B3A266EF288958C300821FAD /* ConfigurationType.swift */ = {isa = PBXFileReference; lastKnownFileType = sourcecode.swift; path = ConfigurationType.swift; sourceTree = "<group>"; };
		B3A266F1288958DD00821FAD /* MockNetworkConfiguration.swift */ = {isa = PBXFileReference; lastKnownFileType = sourcecode.swift; path = MockNetworkConfiguration.swift; sourceTree = "<group>"; };
		B3B10871288884F800618867 /* DogsListViewController.swift */ = {isa = PBXFileReference; fileEncoding = 4; lastKnownFileType = sourcecode.swift; path = DogsListViewController.swift; sourceTree = "<group>"; };
		B3D3A44A288E675600A08FB3 /* RealmDataManager.swift */ = {isa = PBXFileReference; lastKnownFileType = sourcecode.swift; path = RealmDataManager.swift; sourceTree = "<group>"; };
		B3D3A44C288ECD3000A08FB3 /* DogObject.swift */ = {isa = PBXFileReference; lastKnownFileType = sourcecode.swift; path = DogObject.swift; sourceTree = "<group>"; };
		B3D3A44E288ED55800A08FB3 /* JSONDataManager.swift */ = {isa = PBXFileReference; lastKnownFileType = sourcecode.swift; path = JSONDataManager.swift; sourceTree = "<group>"; };
		B3D3A450288ED8C000A08FB3 /* Optional.swift */ = {isa = PBXFileReference; lastKnownFileType = sourcecode.swift; path = Optional.swift; sourceTree = "<group>"; };
		B3FD84502887B9FF00173F55 /* DogDetailsViewModel.swift */ = {isa = PBXFileReference; lastKnownFileType = sourcecode.swift; name = DogDetailsViewModel.swift; path = ViewModel/DogDetailsViewModel.swift; sourceTree = "<group>"; };
		BE2F69DF28897F0200580B5F /* DogsListTableViewCell.swift */ = {isa = PBXFileReference; lastKnownFileType = sourcecode.swift; path = DogsListTableViewCell.swift; sourceTree = "<group>"; };
		BED94A4528897439008EB7A4 /* DogListViewModel.swift */ = {isa = PBXFileReference; lastKnownFileType = sourcecode.swift; path = DogListViewModel.swift; sourceTree = "<group>"; };
		BEE850E2288BDACE0057FD61 /* CoreDataManager.swift */ = {isa = PBXFileReference; lastKnownFileType = sourcecode.swift; path = CoreDataManager.swift; sourceTree = "<group>"; };
		BEE850E8288C1AC10057FD61 /* DogEntry+CoreDataClass.swift */ = {isa = PBXFileReference; lastKnownFileType = sourcecode.swift; name = "DogEntry+CoreDataClass.swift"; path = "Model/DogEntry+CoreDataClass.swift"; sourceTree = "<group>"; };
		BEE850E9288C1AC10057FD61 /* DogEntry+CoreDataProperties.swift */ = {isa = PBXFileReference; lastKnownFileType = sourcecode.swift; name = "DogEntry+CoreDataProperties.swift"; path = "Model/DogEntry+CoreDataProperties.swift"; sourceTree = "<group>"; };
		BEE850ED288C282C0057FD61 /* JSONLoader.swift */ = {isa = PBXFileReference; lastKnownFileType = sourcecode.swift; path = JSONLoader.swift; sourceTree = "<group>"; };
		BEE850EF288C5A980057FD61 /* dogs.json */ = {isa = PBXFileReference; fileEncoding = 4; lastKnownFileType = text.json; name = dogs.json; path = ../../dogs.json; sourceTree = "<group>"; };
		BEE850F1288D3BB80057FD61 /* AddDogViewController.swift */ = {isa = PBXFileReference; lastKnownFileType = sourcecode.swift; path = AddDogViewController.swift; sourceTree = "<group>"; };
/* End PBXFileReference section */

/* Begin PBXFrameworksBuildPhase section */
		95D0B08428848E0D0028E44D /* Frameworks */ = {
			isa = PBXFrameworksBuildPhase;
			buildActionMask = 2147483647;
			files = (
			);
			runOnlyForDeploymentPostprocessing = 0;
		};
/* End PBXFrameworksBuildPhase section */

/* Begin PBXGroup section */
		95997A08288BCF3400F1B462 /* Service */ = {
			isa = PBXGroup;
			children = (
				BEE85108288D5C760057FD61 /* Firebase */,
				BEE850EC288C28000057FD61 /* Loader */,
				BEE850E1288BDAA70057FD61 /* CoreData */,
				95997A09288BCF6800F1B462 /* DatabaseService.swift */,
				B3D3A44A288E675600A08FB3 /* RealmDataManager.swift */,
				B3D3A44C288ECD3000A08FB3 /* DogObject.swift */,
				B3D3A44E288ED55800A08FB3 /* JSONDataManager.swift */,
			);
			path = Service;
			sourceTree = "<group>";
		};
		95D0B07E28848E0D0028E44D = {
			isa = PBXGroup;
			children = (
				95D0B08928848E0D0028E44D /* Dogs */,
				95D0B08828848E0D0028E44D /* Products */,
			);
			sourceTree = "<group>";
		};
		95D0B08828848E0D0028E44D /* Products */ = {
			isa = PBXGroup;
			children = (
				95D0B08728848E0D0028E44D /* Dogs.app */,
			);
			name = Products;
			sourceTree = "<group>";
		};
		95D0B08928848E0D0028E44D /* Dogs */ = {
			isa = PBXGroup;
			children = (
				95997A08288BCF3400F1B462 /* Service */,
				B3A266EC2889589C00821FAD /* Network */,
				B3FD844F2887B9E400173F55 /* ViewModel */,
				B39F3C202887149300A4D768 /* View */,
				B39F3C192886D1B200A4D768 /* Model */,
				95D0B08A28848E0D0028E44D /* AppDelegate.swift */,
				B3A266EA2889588C00821FAD /* Settings.swift */,
				B3D3A450288ED8C000A08FB3 /* Optional.swift */,
				BEE850EF288C5A980057FD61 /* dogs.json */,
				95D0B08C28848E0D0028E44D /* SceneDelegate.swift */,
				95D0B09628848E120028E44D /* Assets.xcassets */,
				95D0B09828848E120028E44D /* LaunchScreen.storyboard */,
				95D0B09B28848E120028E44D /* Info.plist */,
			);
			path = Dogs;
			sourceTree = "<group>";
		};
		B39F3C192886D1B200A4D768 /* Model */ = {
			isa = PBXGroup;
			children = (
				B39F3C262887193F00A4D768 /* Dog.swift */,
			);
			path = Model;
			sourceTree = "<group>";
		};
		B39F3C202887149300A4D768 /* View */ = {
			isa = PBXGroup;
			children = (
				B3B10870288884D200618867 /* List */,
				B39F3C22288714C700A4D768 /* DogDetails */,
				95D0B09028848E0D0028E44D /* Main.storyboard */,
				B30E408528854AB900FD284A /* ProfileViewController.swift */,
			);
			path = View;
			sourceTree = "<group>";
		};
		B39F3C22288714C700A4D768 /* DogDetails */ = {
			isa = PBXGroup;
			children = (
				95D0B08E28848E0D0028E44D /* DogDetailsViewController.swift */,
				BEE850F1288D3BB80057FD61 /* AddDogViewController.swift */,
				B39F3C1C2887084400A4D768 /* DescriptionDogCollectionViewCell.swift */,
				B39F3C1A2886D3C000A4D768 /* ImageDogCollectionViewCell.swift */,
			);
			path = DogDetails;
			sourceTree = "<group>";
		};
		B3A266EC2889589C00821FAD /* Network */ = {
			isa = PBXGroup;
			children = (
				B3A266ED288958AA00821FAD /* NetworkConfiguration.swift */,
				B3A266EF288958C300821FAD /* ConfigurationType.swift */,
				B3A266F1288958DD00821FAD /* MockNetworkConfiguration.swift */,
			);
			path = Network;
			sourceTree = "<group>";
		};
		B3B10870288884D200618867 /* List */ = {
			isa = PBXGroup;
			children = (
				BED94A4F288977B7008EB7A4 /* Cell */,
				B3B10871288884F800618867 /* DogsListViewController.swift */,
			);
			path = List;
			sourceTree = "<group>";
		};
		B3FD844F2887B9E400173F55 /* ViewModel */ = {
			isa = PBXGroup;
			children = (
				B3FD84502887B9FF00173F55 /* DogDetailsViewModel.swift */,
				BED94A4528897439008EB7A4 /* DogListViewModel.swift */,
			);
			name = ViewModel;
			sourceTree = "<group>";
		};
		BED94A4F288977B7008EB7A4 /* Cell */ = {
			isa = PBXGroup;
			children = (
				BE2F69DF28897F0200580B5F /* DogsListTableViewCell.swift */,
			);
			path = Cell;
			sourceTree = "<group>";
		};
		BEE850E1288BDAA70057FD61 /* CoreData */ = {
			isa = PBXGroup;
			children = (
				BEE850E8288C1AC10057FD61 /* DogEntry+CoreDataClass.swift */,
				BEE850E9288C1AC10057FD61 /* DogEntry+CoreDataProperties.swift */,
				95D0B09328848E0D0028E44D /* Dogs.xcdatamodeld */,
				BEE850E2288BDACE0057FD61 /* CoreDataManager.swift */,
			);
			path = CoreData;
			sourceTree = "<group>";
		};
		BEE850EC288C28000057FD61 /* Loader */ = {
			isa = PBXGroup;
			children = (
				BEE850ED288C282C0057FD61 /* JSONLoader.swift */,
			);
			path = Loader;
			sourceTree = "<group>";
		};
		BEE85108288D5C760057FD61 /* Firebase */ = {
			isa = PBXGroup;
			children = (
			);
			path = Firebase;
			sourceTree = "<group>";
		};
/* End PBXGroup section */

/* Begin PBXNativeTarget section */
		95D0B08628848E0D0028E44D /* Dogs */ = {
			isa = PBXNativeTarget;
			buildConfigurationList = 95D0B09E28848E120028E44D /* Build configuration list for PBXNativeTarget "Dogs" */;
			buildPhases = (
				95D0B08328848E0D0028E44D /* Sources */,
				95D0B08428848E0D0028E44D /* Frameworks */,
				95D0B08528848E0D0028E44D /* Resources */,
			);
			buildRules = (
			);
			dependencies = (
			);
			name = Dogs;
			packageProductDependencies = (
			);
			productName = Dogs;
			productReference = 95D0B08728848E0D0028E44D /* Dogs.app */;
			productType = "com.apple.product-type.application";
		};
/* End PBXNativeTarget section */

/* Begin PBXProject section */
		95D0B07F28848E0D0028E44D /* Project object */ = {
			isa = PBXProject;
			attributes = {
				BuildIndependentTargetsInParallel = 1;
				LastSwiftUpdateCheck = 1330;
				LastUpgradeCheck = 1330;
				TargetAttributes = {
					95D0B08628848E0D0028E44D = {
						CreatedOnToolsVersion = 13.3.1;
					};
				};
			};
			buildConfigurationList = 95D0B08228848E0D0028E44D /* Build configuration list for PBXProject "Dogs" */;
			compatibilityVersion = "Xcode 13.0";
			developmentRegion = en;
			hasScannedForEncodings = 0;
			knownRegions = (
				en,
				Base,
			);
			mainGroup = 95D0B07E28848E0D0028E44D;
			packageReferences = (
			);
			productRefGroup = 95D0B08828848E0D0028E44D /* Products */;
			projectDirPath = "";
			projectRoot = "";
			targets = (
				95D0B08628848E0D0028E44D /* Dogs */,
			);
		};
/* End PBXProject section */

/* Begin PBXResourcesBuildPhase section */
		95D0B08528848E0D0028E44D /* Resources */ = {
			isa = PBXResourcesBuildPhase;
			buildActionMask = 2147483647;
			files = (
				95D0B09A28848E120028E44D /* LaunchScreen.storyboard in Resources */,
				95D0B09728848E120028E44D /* Assets.xcassets in Resources */,
				BEE850F0288C5A980057FD61 /* dogs.json in Resources */,
				95D0B09228848E0D0028E44D /* Main.storyboard in Resources */,
			);
			runOnlyForDeploymentPostprocessing = 0;
		};
/* End PBXResourcesBuildPhase section */

/* Begin PBXSourcesBuildPhase section */
		95D0B08328848E0D0028E44D /* Sources */ = {
			isa = PBXSourcesBuildPhase;
			buildActionMask = 2147483647;
			files = (
				95997A0A288BCF6800F1B462 /* DatabaseService.swift in Sources */,
				B30E408628854AB900FD284A /* ProfileViewController.swift in Sources */,
				95D0B08F28848E0D0028E44D /* DogDetailsViewController.swift in Sources */,
				B3D3A451288ED8C000A08FB3 /* Optional.swift in Sources */,
				BE2F69E128897F0200580B5F /* DogsListTableViewCell.swift in Sources */,
				B3A266F0288958C300821FAD /* ConfigurationType.swift in Sources */,
				B39F3C1B2886D3C000A4D768 /* ImageDogCollectionViewCell.swift in Sources */,
				BEE850EB288C1AC10057FD61 /* DogEntry+CoreDataProperties.swift in Sources */,
				BEE850E3288BDACE0057FD61 /* CoreDataManager.swift in Sources */,
				95D0B08B28848E0D0028E44D /* AppDelegate.swift in Sources */,
				B3D3A44B288E675600A08FB3 /* RealmDataManager.swift in Sources */,
				B39F3C272887193F00A4D768 /* Dog.swift in Sources */,
				BED94A4628897439008EB7A4 /* DogListViewModel.swift in Sources */,
				BEE850F2288D3BB80057FD61 /* AddDogViewController.swift in Sources */,
				B3FD84512887B9FF00173F55 /* DogDetailsViewModel.swift in Sources */,
				95D0B09528848E0D0028E44D /* Dogs.xcdatamodeld in Sources */,
				B3B10872288884F800618867 /* DogsListViewController.swift in Sources */,
				B39F3C1D2887084400A4D768 /* DescriptionDogCollectionViewCell.swift in Sources */,
				B3A266EB2889588C00821FAD /* Settings.swift in Sources */,
				B3A266F2288958DD00821FAD /* MockNetworkConfiguration.swift in Sources */,
				B3D3A44D288ECD3000A08FB3 /* DogObject.swift in Sources */,
				95D0B08D28848E0D0028E44D /* SceneDelegate.swift in Sources */,
				BEE850EA288C1AC10057FD61 /* DogEntry+CoreDataClass.swift in Sources */,
				B3A266EE288958AA00821FAD /* NetworkConfiguration.swift in Sources */,
				B3D3A44F288ED55800A08FB3 /* JSONDataManager.swift in Sources */,
				BEE850EE288C282C0057FD61 /* JSONLoader.swift in Sources */,
			);
			runOnlyForDeploymentPostprocessing = 0;
		};
/* End PBXSourcesBuildPhase section */

/* Begin PBXVariantGroup section */
		95D0B09028848E0D0028E44D /* Main.storyboard */ = {
			isa = PBXVariantGroup;
			children = (
				95D0B09128848E0D0028E44D /* Base */,
			);
			name = Main.storyboard;
			sourceTree = "<group>";
		};
		95D0B09828848E120028E44D /* LaunchScreen.storyboard */ = {
			isa = PBXVariantGroup;
			children = (
				95D0B09928848E120028E44D /* Base */,
			);
			name = LaunchScreen.storyboard;
			sourceTree = "<group>";
		};
/* End PBXVariantGroup section */

/* Begin XCBuildConfiguration section */
		95D0B09C28848E120028E44D /* Debug */ = {
			isa = XCBuildConfiguration;
			buildSettings = {
				ALWAYS_SEARCH_USER_PATHS = NO;
				CLANG_ANALYZER_NONNULL = YES;
				CLANG_ANALYZER_NUMBER_OBJECT_CONVERSION = YES_AGGRESSIVE;
				CLANG_CXX_LANGUAGE_STANDARD = "gnu++17";
				CLANG_ENABLE_MODULES = YES;
				CLANG_ENABLE_OBJC_ARC = YES;
				CLANG_ENABLE_OBJC_WEAK = YES;
				CLANG_WARN_BLOCK_CAPTURE_AUTORELEASING = YES;
				CLANG_WARN_BOOL_CONVERSION = YES;
				CLANG_WARN_COMMA = YES;
				CLANG_WARN_CONSTANT_CONVERSION = YES;
				CLANG_WARN_DEPRECATED_OBJC_IMPLEMENTATIONS = YES;
				CLANG_WARN_DIRECT_OBJC_ISA_USAGE = YES_ERROR;
				CLANG_WARN_DOCUMENTATION_COMMENTS = YES;
				CLANG_WARN_EMPTY_BODY = YES;
				CLANG_WARN_ENUM_CONVERSION = YES;
				CLANG_WARN_INFINITE_RECURSION = YES;
				CLANG_WARN_INT_CONVERSION = YES;
				CLANG_WARN_NON_LITERAL_NULL_CONVERSION = YES;
				CLANG_WARN_OBJC_IMPLICIT_RETAIN_SELF = YES;
				CLANG_WARN_OBJC_LITERAL_CONVERSION = YES;
				CLANG_WARN_OBJC_ROOT_CLASS = YES_ERROR;
				CLANG_WARN_QUOTED_INCLUDE_IN_FRAMEWORK_HEADER = YES;
				CLANG_WARN_RANGE_LOOP_ANALYSIS = YES;
				CLANG_WARN_STRICT_PROTOTYPES = YES;
				CLANG_WARN_SUSPICIOUS_MOVE = YES;
				CLANG_WARN_UNGUARDED_AVAILABILITY = YES_AGGRESSIVE;
				CLANG_WARN_UNREACHABLE_CODE = YES;
				CLANG_WARN__DUPLICATE_METHOD_MATCH = YES;
				COPY_PHASE_STRIP = NO;
				DEBUG_INFORMATION_FORMAT = dwarf;
				ENABLE_STRICT_OBJC_MSGSEND = YES;
				ENABLE_TESTABILITY = YES;
				GCC_C_LANGUAGE_STANDARD = gnu11;
				GCC_DYNAMIC_NO_PIC = NO;
				GCC_NO_COMMON_BLOCKS = YES;
				GCC_OPTIMIZATION_LEVEL = 0;
				GCC_PREPROCESSOR_DEFINITIONS = (
					"DEBUG=1",
					"$(inherited)",
				);
				GCC_WARN_64_TO_32_BIT_CONVERSION = YES;
				GCC_WARN_ABOUT_RETURN_TYPE = YES_ERROR;
				GCC_WARN_UNDECLARED_SELECTOR = YES;
				GCC_WARN_UNINITIALIZED_AUTOS = YES_AGGRESSIVE;
				GCC_WARN_UNUSED_FUNCTION = YES;
				GCC_WARN_UNUSED_VARIABLE = YES;
				IPHONEOS_DEPLOYMENT_TARGET = 14.0;
				MTL_ENABLE_DEBUG_INFO = INCLUDE_SOURCE;
				MTL_FAST_MATH = YES;
				ONLY_ACTIVE_ARCH = YES;
				SDKROOT = iphoneos;
				SWIFT_ACTIVE_COMPILATION_CONDITIONS = DEBUG;
				SWIFT_OPTIMIZATION_LEVEL = "-Onone";
			};
			name = Debug;
		};
		95D0B09D28848E120028E44D /* Release */ = {
			isa = XCBuildConfiguration;
			buildSettings = {
				ALWAYS_SEARCH_USER_PATHS = NO;
				CLANG_ANALYZER_NONNULL = YES;
				CLANG_ANALYZER_NUMBER_OBJECT_CONVERSION = YES_AGGRESSIVE;
				CLANG_CXX_LANGUAGE_STANDARD = "gnu++17";
				CLANG_ENABLE_MODULES = YES;
				CLANG_ENABLE_OBJC_ARC = YES;
				CLANG_ENABLE_OBJC_WEAK = YES;
				CLANG_WARN_BLOCK_CAPTURE_AUTORELEASING = YES;
				CLANG_WARN_BOOL_CONVERSION = YES;
				CLANG_WARN_COMMA = YES;
				CLANG_WARN_CONSTANT_CONVERSION = YES;
				CLANG_WARN_DEPRECATED_OBJC_IMPLEMENTATIONS = YES;
				CLANG_WARN_DIRECT_OBJC_ISA_USAGE = YES_ERROR;
				CLANG_WARN_DOCUMENTATION_COMMENTS = YES;
				CLANG_WARN_EMPTY_BODY = YES;
				CLANG_WARN_ENUM_CONVERSION = YES;
				CLANG_WARN_INFINITE_RECURSION = YES;
				CLANG_WARN_INT_CONVERSION = YES;
				CLANG_WARN_NON_LITERAL_NULL_CONVERSION = YES;
				CLANG_WARN_OBJC_IMPLICIT_RETAIN_SELF = YES;
				CLANG_WARN_OBJC_LITERAL_CONVERSION = YES;
				CLANG_WARN_OBJC_ROOT_CLASS = YES_ERROR;
				CLANG_WARN_QUOTED_INCLUDE_IN_FRAMEWORK_HEADER = YES;
				CLANG_WARN_RANGE_LOOP_ANALYSIS = YES;
				CLANG_WARN_STRICT_PROTOTYPES = YES;
				CLANG_WARN_SUSPICIOUS_MOVE = YES;
				CLANG_WARN_UNGUARDED_AVAILABILITY = YES_AGGRESSIVE;
				CLANG_WARN_UNREACHABLE_CODE = YES;
				CLANG_WARN__DUPLICATE_METHOD_MATCH = YES;
				COPY_PHASE_STRIP = NO;
				DEBUG_INFORMATION_FORMAT = "dwarf-with-dsym";
				ENABLE_NS_ASSERTIONS = NO;
				ENABLE_STRICT_OBJC_MSGSEND = YES;
				GCC_C_LANGUAGE_STANDARD = gnu11;
				GCC_NO_COMMON_BLOCKS = YES;
				GCC_WARN_64_TO_32_BIT_CONVERSION = YES;
				GCC_WARN_ABOUT_RETURN_TYPE = YES_ERROR;
				GCC_WARN_UNDECLARED_SELECTOR = YES;
				GCC_WARN_UNINITIALIZED_AUTOS = YES_AGGRESSIVE;
				GCC_WARN_UNUSED_FUNCTION = YES;
				GCC_WARN_UNUSED_VARIABLE = YES;
				IPHONEOS_DEPLOYMENT_TARGET = 14.0;
				MTL_ENABLE_DEBUG_INFO = NO;
				MTL_FAST_MATH = YES;
				SDKROOT = iphoneos;
				SWIFT_COMPILATION_MODE = wholemodule;
				SWIFT_OPTIMIZATION_LEVEL = "-O";
				VALIDATE_PRODUCT = YES;
			};
			name = Release;
		};
		95D0B09F28848E120028E44D /* Debug */ = {
			isa = XCBuildConfiguration;
			buildSettings = {
				ASSETCATALOG_COMPILER_APPICON_NAME = AppIcon;
				ASSETCATALOG_COMPILER_GLOBAL_ACCENT_COLOR_NAME = AccentColor;
				CODE_SIGN_STYLE = Automatic;
				CURRENT_PROJECT_VERSION = 1;
				DEVELOPMENT_TEAM = C743GYZ9KR;
				GENERATE_INFOPLIST_FILE = YES;
				INFOPLIST_FILE = Dogs/Info.plist;
				INFOPLIST_KEY_UIApplicationSupportsIndirectInputEvents = YES;
				INFOPLIST_KEY_UILaunchStoryboardName = LaunchScreen;
				INFOPLIST_KEY_UIMainStoryboardFile = Main;
				INFOPLIST_KEY_UISupportedInterfaceOrientations_iPad = "UIInterfaceOrientationPortrait UIInterfaceOrientationPortraitUpsideDown UIInterfaceOrientationLandscapeLeft UIInterfaceOrientationLandscapeRight";
				INFOPLIST_KEY_UISupportedInterfaceOrientations_iPhone = "UIInterfaceOrientationPortrait UIInterfaceOrientationLandscapeLeft UIInterfaceOrientationLandscapeRight";
				LD_RUNPATH_SEARCH_PATHS = (
					"$(inherited)",
					"@executable_path/Frameworks",
				);
				MARKETING_VERSION = 1.0;
				PRODUCT_BUNDLE_IDENTIFIER = Dogs.Dogs;
				PRODUCT_NAME = "$(TARGET_NAME)";
				SWIFT_EMIT_LOC_STRINGS = YES;
				SWIFT_VERSION = 5.0;
				TARGETED_DEVICE_FAMILY = "1,2";
			};
			name = Debug;
		};
		95D0B0A028848E120028E44D /* Release */ = {
			isa = XCBuildConfiguration;
			buildSettings = {
				ASSETCATALOG_COMPILER_APPICON_NAME = AppIcon;
				ASSETCATALOG_COMPILER_GLOBAL_ACCENT_COLOR_NAME = AccentColor;
				CODE_SIGN_STYLE = Automatic;
				CURRENT_PROJECT_VERSION = 1;
				DEVELOPMENT_TEAM = C743GYZ9KR;
				GENERATE_INFOPLIST_FILE = YES;
				INFOPLIST_FILE = Dogs/Info.plist;
				INFOPLIST_KEY_UIApplicationSupportsIndirectInputEvents = YES;
				INFOPLIST_KEY_UILaunchStoryboardName = LaunchScreen;
				INFOPLIST_KEY_UIMainStoryboardFile = Main;
				INFOPLIST_KEY_UISupportedInterfaceOrientations_iPad = "UIInterfaceOrientationPortrait UIInterfaceOrientationPortraitUpsideDown UIInterfaceOrientationLandscapeLeft UIInterfaceOrientationLandscapeRight";
				INFOPLIST_KEY_UISupportedInterfaceOrientations_iPhone = "UIInterfaceOrientationPortrait UIInterfaceOrientationLandscapeLeft UIInterfaceOrientationLandscapeRight";
				LD_RUNPATH_SEARCH_PATHS = (
					"$(inherited)",
					"@executable_path/Frameworks",
				);
				MARKETING_VERSION = 1.0;
				PRODUCT_BUNDLE_IDENTIFIER = Dogs.Dogs;
				PRODUCT_NAME = "$(TARGET_NAME)";
				SWIFT_EMIT_LOC_STRINGS = YES;
				SWIFT_VERSION = 5.0;
				TARGETED_DEVICE_FAMILY = "1,2";
			};
			name = Release;
		};
/* End XCBuildConfiguration section */

/* Begin XCConfigurationList section */
		95D0B08228848E0D0028E44D /* Build configuration list for PBXProject "Dogs" */ = {
			isa = XCConfigurationList;
			buildConfigurations = (
				95D0B09C28848E120028E44D /* Debug */,
				95D0B09D28848E120028E44D /* Release */,
			);
			defaultConfigurationIsVisible = 0;
			defaultConfigurationName = Release;
		};
		95D0B09E28848E120028E44D /* Build configuration list for PBXNativeTarget "Dogs" */ = {
			isa = XCConfigurationList;
			buildConfigurations = (
				95D0B09F28848E120028E44D /* Debug */,
				95D0B0A028848E120028E44D /* Release */,
			);
			defaultConfigurationIsVisible = 0;
			defaultConfigurationName = Release;
		};
/* End XCConfigurationList section */

/* Begin XCVersionGroup section */
		95D0B09328848E0D0028E44D /* Dogs.xcdatamodeld */ = {
			isa = XCVersionGroup;
			children = (
				95D0B09428848E0D0028E44D /* Dogs.xcdatamodel */,
			);
			currentVersion = 95D0B09428848E0D0028E44D /* Dogs.xcdatamodel */;
			path = Dogs.xcdatamodeld;
			sourceTree = "<group>";
			versionGroupType = wrapper.xcdatamodel;
		};
/* End XCVersionGroup section */
	};
	rootObject = 95D0B07F28848E0D0028E44D /* Project object */;
}
